
Microsoft Visual Studio Solution File, Format Version 12.00
# Visual Studio Version 17
VisualStudioVersion = 17.10.35004.147
MinimumVisualStudioVersion = 10.0.40219.1
Project("{FAE04EC0-301F-11D3-BF4B-00C04F79EFBC}") = "ThaiThanhNhat_KTra", "ThaiThanhNhat_KTra\ThaiThanhNhat_KTra.csproj", "{56EA9B5F-77A5-4951-8513-AB2D94F3E66A}"
EndProject
Global
	GlobalSection(SolutionConfigurationPlatforms) = preSolution
		Debug|Any CPU = Debug|Any CPU
		Release|Any CPU = Release|Any CPU
	EndGlobalSection
	GlobalSection(ProjectConfigurationPlatforms) = postSolution
		{56EA9B5F-77A5-4951-8513-AB2D94F3E66A}.Debug|Any CPU.ActiveCfg = Debug|Any CPU
		{56EA9B5F-77A5-4951-8513-AB2D94F3E66A}.Debug|Any CPU.Build.0 = Debug|Any CPU
		{56EA9B5F-77A5-4951-8513-AB2D94F3E66A}.Release|Any CPU.ActiveCfg = Release|Any CPU
		{56EA9B5F-77A5-4951-8513-AB2D94F3E66A}.Release|Any CPU.Build.0 = Release|Any CPU
	EndGlobalSection
	GlobalSection(SolutionProperties) = preSolution
		HideSolutionNode = FALSE
	EndGlobalSection
	GlobalSection(ExtensibilityGlobals) = postSolution
		SolutionGuid = {80DEEB8A-BB41-4949-A791-8FC85EB9E70E}
	EndGlobalSection
EndGlobal
